
Microsoft Visual Studio Solution File, Format Version 12.00
# Blend for Visual Studio Version 17
VisualStudioVersion = 17.8.34330.188
MinimumVisualStudioVersion = 10.0.40219.1
Project("{9A19103F-16F7-4668-BE54-9A1E7A4F7556}") = "Beginner", "Practice\Beginner.csproj", "{8623B025-D1A5-4EF2-BBD6-1CD50005832E}"
EndProject
Project("{9A19103F-16F7-4668-BE54-9A1E7A4F7556}") = "Bin2Dec", "Bin2Dec\Bin2Dec.csproj", "{B912D574-CCF3-4AAA-B7EE-665A1583CF83}"
EndProject
Project("{2150E333-8FDC-42A3-9474-1A3956D46DE8}") = "Projects", "Projects", "{AE5A3C62-3984-44DB-9060-0A566636ED33}"
EndProject
Project("{9A19103F-16F7-4668-BE54-9A1E7A4F7556}") = "Calculator", "Calculator\Calculator.csproj", "{B11F72C1-05A9-4457-8898-FCB0EACBCE58}"
EndProject
Project("{FAE04EC0-301F-11D3-BF4B-00C04F79EFBC}") = "CardMemoryGame", "CardMemoryGame\CardMemoryGame.csproj", "{84F46BA9-36D4-452E-8850-B728629E1C6C}"
EndProject
Global
	GlobalSection(SolutionConfigurationPlatforms) = preSolution
		Debug|Any CPU = Debug|Any CPU
		Release|Any CPU = Release|Any CPU
	EndGlobalSection
	GlobalSection(ProjectConfigurationPlatforms) = postSolution
		{8623B025-D1A5-4EF2-BBD6-1CD50005832E}.Debug|Any CPU.ActiveCfg = Debug|Any CPU
		{8623B025-D1A5-4EF2-BBD6-1CD50005832E}.Debug|Any CPU.Build.0 = Debug|Any CPU
		{8623B025-D1A5-4EF2-BBD6-1CD50005832E}.Release|Any CPU.ActiveCfg = Release|Any CPU
		{8623B025-D1A5-4EF2-BBD6-1CD50005832E}.Release|Any CPU.Build.0 = Release|Any CPU
		{B912D574-CCF3-4AAA-B7EE-665A1583CF83}.Debug|Any CPU.ActiveCfg = Debug|Any CPU
		{B912D574-CCF3-4AAA-B7EE-665A1583CF83}.Debug|Any CPU.Build.0 = Debug|Any CPU
		{B912D574-CCF3-4AAA-B7EE-665A1583CF83}.Release|Any CPU.ActiveCfg = Release|Any CPU
		{B912D574-CCF3-4AAA-B7EE-665A1583CF83}.Release|Any CPU.Build.0 = Release|Any CPU
		{B11F72C1-05A9-4457-8898-FCB0EACBCE58}.Debug|Any CPU.ActiveCfg = Debug|Any CPU
		{B11F72C1-05A9-4457-8898-FCB0EACBCE58}.Debug|Any CPU.Build.0 = Debug|Any CPU
		{B11F72C1-05A9-4457-8898-FCB0EACBCE58}.Release|Any CPU.ActiveCfg = Release|Any CPU
		{B11F72C1-05A9-4457-8898-FCB0EACBCE58}.Release|Any CPU.Build.0 = Release|Any CPU
		{84F46BA9-36D4-452E-8850-B728629E1C6C}.Debug|Any CPU.ActiveCfg = Debug|Any CPU
		{84F46BA9-36D4-452E-8850-B728629E1C6C}.Debug|Any CPU.Build.0 = Debug|Any CPU
		{84F46BA9-36D4-452E-8850-B728629E1C6C}.Release|Any CPU.ActiveCfg = Release|Any CPU
		{84F46BA9-36D4-452E-8850-B728629E1C6C}.Release|Any CPU.Build.0 = Release|Any CPU
	EndGlobalSection
	GlobalSection(SolutionProperties) = preSolution
		HideSolutionNode = FALSE
	EndGlobalSection
	GlobalSection(NestedProjects) = preSolution
		{B912D574-CCF3-4AAA-B7EE-665A1583CF83} = {AE5A3C62-3984-44DB-9060-0A566636ED33}
		{B11F72C1-05A9-4457-8898-FCB0EACBCE58} = {AE5A3C62-3984-44DB-9060-0A566636ED33}
		{84F46BA9-36D4-452E-8850-B728629E1C6C} = {AE5A3C62-3984-44DB-9060-0A566636ED33}
	EndGlobalSection
	GlobalSection(ExtensibilityGlobals) = postSolution
		SolutionGuid = {6CF761C5-1A90-47AA-854D-F66D15B5F731}
	EndGlobalSection
EndGlobal
