
Microsoft Visual Studio Solution File, Format Version 12.00
# Blend for Visual Studio Version 17
VisualStudioVersion = 17.8.34330.188
MinimumVisualStudioVersion = 10.0.40219.1
Project("{9A19103F-16F7-4668-BE54-9A1E7A4F7556}") = "Beginner", "Practice\Beginner.csproj", "{8623B025-D1A5-4EF2-BBD6-1CD50005832E}"
EndProject
Global
	GlobalSection(SolutionConfigurationPlatforms) = preSolution
		Debug|Any CPU = Debug|Any CPU
		Release|Any CPU = Release|Any CPU
	EndGlobalSection
	GlobalSection(ProjectConfigurationPlatforms) = postSolution
		{8623B025-D1A5-4EF2-BBD6-1CD50005832E}.Debug|Any CPU.ActiveCfg = Debug|Any CPU
		{8623B025-D1A5-4EF2-BBD6-1CD50005832E}.Debug|Any CPU.Build.0 = Debug|Any CPU
		{8623B025-D1A5-4EF2-BBD6-1CD50005832E}.Release|Any CPU.ActiveCfg = Release|Any CPU
		{8623B025-D1A5-4EF2-BBD6-1CD50005832E}.Release|Any CPU.Build.0 = Release|Any CPU
	EndGlobalSection
	GlobalSection(SolutionProperties) = preSolution
		HideSolutionNode = FALSE
	EndGlobalSection
	GlobalSection(ExtensibilityGlobals) = postSolution
		SolutionGuid = {6CF761C5-1A90-47AA-854D-F66D15B5F731}
	EndGlobalSection
EndGlobal
